{
  "originHash" : "b1d9db209e8c2727a76823430daee245128a44fd6e8e5170aefc17220143caf1",
  "pins" : [
    {
      "identity" : "crc-swift",
      "kind" : "remoteSourceControl",
      "location" : "https://github.com/QuickBirdEng/crc-swift.git",
      "state" : {
        "revision" : "0616be13dec7b6dc4b55e266cba39c1772902b08",
        "version" : "0.1.1"
      }
    },
    {
      "identity" : "datakit",
      "kind" : "remoteSourceControl",
      "location" : "https://github.com/QuickBirdEng/DataKit.git",
      "state" : {
        "revision" : "37d845d584c3d63917035c8e7597fc49bc6d15ff",
        "version" : "0.1.1"
      }
    },
    {
      "identity" : "swift-algorithms",
      "kind" : "remoteSourceControl",
      "location" : "https://github.com/apple/swift-algorithms.git",
      "state" : {
        "revision" : "87e50f483c54e6efd60e885f7f5aa946cee68023",
        "version" : "1.2.1"
      }
    },
    {
      "identity" : "swift-numerics",
      "kind" : "remoteSourceControl",
      "location" : "https://github.com/apple/swift-numerics.git",
      "state" : {
        "revision" : "e0ec0f5f3af6f3e4d5e7a19d2af26b481acb6ba8",
        "version" : "1.0.3"
      }
    }
  ],
  "version" : 3
}
